
Microsoft Visual Studio Solution File, Format Version 12.00
# Visual Studio Version 17
VisualStudioVersion = 17.0.31903.59
MinimumVisualStudioVersion = 10.0.40219.1
Project("{2150E333-8FDC-42A3-9474-1A3956D46DE8}") = "src", "src", "{827E0CD3-B72D-47B6-A68D-7590B98EB39B}"
EndProject
Project("{FAE04EC0-301F-11D3-BF4B-00C04F79EFBC}") = "ReturnLoad.Shared", "src\ReturnLoad.Shared\ReturnLoad.Shared.csproj", "{12AAF1F0-6530-487B-B5F9-C89F7F633266}"
EndProject
Project("{FAE04EC0-301F-11D3-BF4B-00C04F79EFBC}") = "ReturnLoad.Domain", "src\ReturnLoad.Domain\ReturnLoad.Domain.csproj", "{57270FE2-DB7A-42C4-AF06-086DBC193022}"
EndProject
Project("{FAE04EC0-301F-11D3-BF4B-00C04F79EFBC}") = "ReturnLoad.Application", "src\ReturnLoad.Application\ReturnLoad.Application.csproj", "{99AB0452-B59E-4C5A-B58A-81F104FA3F75}"
EndProject
Project("{FAE04EC0-301F-11D3-BF4B-00C04F79EFBC}") = "ReturnLoad.Infrastructure", "src\ReturnLoad.Infrastructure\ReturnLoad.Infrastructure.csproj", "{4EED2BA6-1D86-45A8-8674-259613C01410}"
EndProject
Project("{FAE04EC0-301F-11D3-BF4B-00C04F79EFBC}") = "ReturnLoad.Api", "src\ReturnLoad.Api\ReturnLoad.Api.csproj", "{75F8A3FC-1C5F-43CC-B3DF-4607D31B3B23}"
EndProject
Project("{FAE04EC0-301F-11D3-BF4B-00C04F79EFBC}") = "ReturnLoad.UnitTests", "tests\ReturnLoad.UnitTests\ReturnLoad.UnitTests.csproj", "{D625422B-F9CA-4B2F-AFFF-4B47B772CA5A}"
EndProject
Project("{FAE04EC0-301F-11D3-BF4B-00C04F79EFBC}") = "ReturnLoad.IntegrationTests", "tests\ReturnLoad.IntegrationTests\ReturnLoad.IntegrationTests.csproj", "{0F453BDE-C061-4DB8-9493-C712D628BD2A}"
EndProject
Global
	GlobalSection(SolutionConfigurationPlatforms) = preSolution
		Debug|Any CPU = Debug|Any CPU
		Debug|x64 = Debug|x64
		Debug|x86 = Debug|x86
		Release|Any CPU = Release|Any CPU
		Release|x64 = Release|x64
		Release|x86 = Release|x86
	EndGlobalSection
	GlobalSection(ProjectConfigurationPlatforms) = postSolution
		{12AAF1F0-6530-487B-B5F9-C89F7F633266}.Debug|Any CPU.ActiveCfg = Debug|Any CPU
		{12AAF1F0-6530-487B-B5F9-C89F7F633266}.Debug|Any CPU.Build.0 = Debug|Any CPU
		{12AAF1F0-6530-487B-B5F9-C89F7F633266}.Debug|x64.ActiveCfg = Debug|Any CPU
		{12AAF1F0-6530-487B-B5F9-C89F7F633266}.Debug|x64.Build.0 = Debug|Any CPU
		{12AAF1F0-6530-487B-B5F9-C89F7F633266}.Debug|x86.ActiveCfg = Debug|Any CPU
		{12AAF1F0-6530-487B-B5F9-C89F7F633266}.Debug|x86.Build.0 = Debug|Any CPU
		{12AAF1F0-6530-487B-B5F9-C89F7F633266}.Release|Any CPU.ActiveCfg = Release|Any CPU
		{12AAF1F0-6530-487B-B5F9-C89F7F633266}.Release|Any CPU.Build.0 = Release|Any CPU
		{12AAF1F0-6530-487B-B5F9-C89F7F633266}.Release|x64.ActiveCfg = Release|Any CPU
		{12AAF1F0-6530-487B-B5F9-C89F7F633266}.Release|x64.Build.0 = Release|Any CPU
		{12AAF1F0-6530-487B-B5F9-C89F7F633266}.Release|x86.ActiveCfg = Release|Any CPU
		{12AAF1F0-6530-487B-B5F9-C89F7F633266}.Release|x86.Build.0 = Release|Any CPU
		{57270FE2-DB7A-42C4-AF06-086DBC193022}.Debug|Any CPU.ActiveCfg = Debug|Any CPU
		{57270FE2-DB7A-42C4-AF06-086DBC193022}.Debug|Any CPU.Build.0 = Debug|Any CPU
		{57270FE2-DB7A-42C4-AF06-086DBC193022}.Debug|x64.ActiveCfg = Debug|Any CPU
		{57270FE2-DB7A-42C4-AF06-086DBC193022}.Debug|x64.Build.0 = Debug|Any CPU
		{57270FE2-DB7A-42C4-AF06-086DBC193022}.Debug|x86.ActiveCfg = Debug|Any CPU
		{57270FE2-DB7A-42C4-AF06-086DBC193022}.Debug|x86.Build.0 = Debug|Any CPU
		{57270FE2-DB7A-42C4-AF06-086DBC193022}.Release|Any CPU.ActiveCfg = Release|Any CPU
		{57270FE2-DB7A-42C4-AF06-086DBC193022}.Release|Any CPU.Build.0 = Release|Any CPU
		{57270FE2-DB7A-42C4-AF06-086DBC193022}.Release|x64.ActiveCfg = Release|Any CPU
		{57270FE2-DB7A-42C4-AF06-086DBC193022}.Release|x64.Build.0 = Release|Any CPU
		{57270FE2-DB7A-42C4-AF06-086DBC193022}.Release|x86.ActiveCfg = Release|Any CPU
		{57270FE2-DB7A-42C4-AF06-086DBC193022}.Release|x86.Build.0 = Release|Any CPU
		{99AB0452-B59E-4C5A-B58A-81F104FA3F75}.Debug|Any CPU.ActiveCfg = Debug|Any CPU
		{99AB0452-B59E-4C5A-B58A-81F104FA3F75}.Debug|Any CPU.Build.0 = Debug|Any CPU
		{99AB0452-B59E-4C5A-B58A-81F104FA3F75}.Debug|x64.ActiveCfg = Debug|Any CPU
		{99AB0452-B59E-4C5A-B58A-81F104FA3F75}.Debug|x64.Build.0 = Debug|Any CPU
		{99AB0452-B59E-4C5A-B58A-81F104FA3F75}.Debug|x86.ActiveCfg = Debug|Any CPU
		{99AB0452-B59E-4C5A-B58A-81F104FA3F75}.Debug|x86.Build.0 = Debug|Any CPU
		{99AB0452-B59E-4C5A-B58A-81F104FA3F75}.Release|Any CPU.ActiveCfg = Release|Any CPU
		{99AB0452-B59E-4C5A-B58A-81F104FA3F75}.Release|Any CPU.Build.0 = Release|Any CPU
		{99AB0452-B59E-4C5A-B58A-81F104FA3F75}.Release|x64.ActiveCfg = Release|Any CPU
		{99AB0452-B59E-4C5A-B58A-81F104FA3F75}.Release|x64.Build.0 = Release|Any CPU
		{99AB0452-B59E-4C5A-B58A-81F104FA3F75}.Release|x86.ActiveCfg = Release|Any CPU
		{99AB0452-B59E-4C5A-B58A-81F104FA3F75}.Release|x86.Build.0 = Release|Any CPU
		{4EED2BA6-1D86-45A8-8674-259613C01410}.Debug|Any CPU.ActiveCfg = Debug|Any CPU
		{4EED2BA6-1D86-45A8-8674-259613C01410}.Debug|Any CPU.Build.0 = Debug|Any CPU
		{4EED2BA6-1D86-45A8-8674-259613C01410}.Debug|x64.ActiveCfg = Debug|Any CPU
		{4EED2BA6-1D86-45A8-8674-259613C01410}.Debug|x64.Build.0 = Debug|Any CPU
		{4EED2BA6-1D86-45A8-8674-259613C01410}.Debug|x86.ActiveCfg = Debug|Any CPU
		{4EED2BA6-1D86-45A8-8674-259613C01410}.Debug|x86.Build.0 = Debug|Any CPU
		{4EED2BA6-1D86-45A8-8674-259613C01410}.Release|Any CPU.ActiveCfg = Release|Any CPU
		{4EED2BA6-1D86-45A8-8674-259613C01410}.Release|Any CPU.Build.0 = Release|Any CPU
		{4EED2BA6-1D86-45A8-8674-259613C01410}.Release|x64.ActiveCfg = Release|Any CPU
		{4EED2BA6-1D86-45A8-8674-259613C01410}.Release|x64.Build.0 = Release|Any CPU
		{4EED2BA6-1D86-45A8-8674-259613C01410}.Release|x86.ActiveCfg = Release|Any CPU
		{4EED2BA6-1D86-45A8-8674-259613C01410}.Release|x86.Build.0 = Release|Any CPU
		{75F8A3FC-1C5F-43CC-B3DF-4607D31B3B23}.Debug|Any CPU.ActiveCfg = Debug|Any CPU
		{75F8A3FC-1C5F-43CC-B3DF-4607D31B3B23}.Debug|Any CPU.Build.0 = Debug|Any CPU
		{75F8A3FC-1C5F-43CC-B3DF-4607D31B3B23}.Debug|x64.ActiveCfg = Debug|Any CPU
		{75F8A3FC-1C5F-43CC-B3DF-4607D31B3B23}.Debug|x64.Build.0 = Debug|Any CPU
		{75F8A3FC-1C5F-43CC-B3DF-4607D31B3B23}.Debug|x86.ActiveCfg = Debug|Any CPU
		{75F8A3FC-1C5F-43CC-B3DF-4607D31B3B23}.Debug|x86.Build.0 = Debug|Any CPU
		{75F8A3FC-1C5F-43CC-B3DF-4607D31B3B23}.Release|Any CPU.ActiveCfg = Release|Any CPU
		{75F8A3FC-1C5F-43CC-B3DF-4607D31B3B23}.Release|Any CPU.Build.0 = Release|Any CPU
		{75F8A3FC-1C5F-43CC-B3DF-4607D31B3B23}.Release|x64.ActiveCfg = Release|Any CPU
		{75F8A3FC-1C5F-43CC-B3DF-4607D31B3B23}.Release|x64.Build.0 = Release|Any CPU
		{75F8A3FC-1C5F-43CC-B3DF-4607D31B3B23}.Release|x86.ActiveCfg = Release|Any CPU
		{75F8A3FC-1C5F-43CC-B3DF-4607D31B3B23}.Release|x86.Build.0 = Release|Any CPU
		{D625422B-F9CA-4B2F-AFFF-4B47B772CA5A}.Debug|Any CPU.ActiveCfg = Debug|Any CPU
		{D625422B-F9CA-4B2F-AFFF-4B47B772CA5A}.Debug|Any CPU.Build.0 = Debug|Any CPU
		{D625422B-F9CA-4B2F-AFFF-4B47B772CA5A}.Debug|x64.ActiveCfg = Debug|Any CPU
		{D625422B-F9CA-4B2F-AFFF-4B47B772CA5A}.Debug|x64.Build.0 = Debug|Any CPU
		{D625422B-F9CA-4B2F-AFFF-4B47B772CA5A}.Debug|x86.ActiveCfg = Debug|Any CPU
		{D625422B-F9CA-4B2F-AFFF-4B47B772CA5A}.Debug|x86.Build.0 = Debug|Any CPU
		{D625422B-F9CA-4B2F-AFFF-4B47B772CA5A}.Release|Any CPU.ActiveCfg = Release|Any CPU
		{D625422B-F9CA-4B2F-AFFF-4B47B772CA5A}.Release|Any CPU.Build.0 = Release|Any CPU
		{D625422B-F9CA-4B2F-AFFF-4B47B772CA5A}.Release|x64.ActiveCfg = Release|Any CPU
		{D625422B-F9CA-4B2F-AFFF-4B47B772CA5A}.Release|x64.Build.0 = Release|Any CPU
		{D625422B-F9CA-4B2F-AFFF-4B47B772CA5A}.Release|x86.ActiveCfg = Release|Any CPU
		{D625422B-F9CA-4B2F-AFFF-4B47B772CA5A}.Release|x86.Build.0 = Release|Any CPU
		{0F453BDE-C061-4DB8-9493-C712D628BD2A}.Debug|Any CPU.ActiveCfg = Debug|Any CPU
		{0F453BDE-C061-4DB8-9493-C712D628BD2A}.Debug|Any CPU.Build.0 = Debug|Any CPU
		{0F453BDE-C061-4DB8-9493-C712D628BD2A}.Debug|x64.ActiveCfg = Debug|Any CPU
		{0F453BDE-C061-4DB8-9493-C712D628BD2A}.Debug|x64.Build.0 = Debug|Any CPU
		{0F453BDE-C061-4DB8-9493-C712D628BD2A}.Debug|x86.ActiveCfg = Debug|Any CPU
		{0F453BDE-C061-4DB8-9493-C712D628BD2A}.Debug|x86.Build.0 = Debug|Any CPU
		{0F453BDE-C061-4DB8-9493-C712D628BD2A}.Release|Any CPU.ActiveCfg = Release|Any CPU
		{0F453BDE-C061-4DB8-9493-C712D628BD2A}.Release|Any CPU.Build.0 = Release|Any CPU
		{0F453BDE-C061-4DB8-9493-C712D628BD2A}.Release|x64.ActiveCfg = Release|Any CPU
		{0F453BDE-C061-4DB8-9493-C712D628BD2A}.Release|x64.Build.0 = Release|Any CPU
		{0F453BDE-C061-4DB8-9493-C712D628BD2A}.Release|x86.ActiveCfg = Release|Any CPU
		{0F453BDE-C061-4DB8-9493-C712D628BD2A}.Release|x86.Build.0 = Release|Any CPU
	EndGlobalSection
	GlobalSection(SolutionProperties) = preSolution
		HideSolutionNode = FALSE
	EndGlobalSection
	GlobalSection(NestedProjects) = preSolution
		{12AAF1F0-6530-487B-B5F9-C89F7F633266} = {827E0CD3-B72D-47B6-A68D-7590B98EB39B}
		{57270FE2-DB7A-42C4-AF06-086DBC193022} = {827E0CD3-B72D-47B6-A68D-7590B98EB39B}
		{99AB0452-B59E-4C5A-B58A-81F104FA3F75} = {827E0CD3-B72D-47B6-A68D-7590B98EB39B}
		{4EED2BA6-1D86-45A8-8674-259613C01410} = {827E0CD3-B72D-47B6-A68D-7590B98EB39B}
		{75F8A3FC-1C5F-43CC-B3DF-4607D31B3B23} = {827E0CD3-B72D-47B6-A68D-7590B98EB39B}
		{D625422B-F9CA-4B2F-AFFF-4B47B772CA5A} = {827E0CD3-B72D-47B6-A68D-7590B98EB39B}
		{0F453BDE-C061-4DB8-9493-C712D628BD2A} = {827E0CD3-B72D-47B6-A68D-7590B98EB39B}
	EndGlobalSection
EndGlobal
